// !$*UTF8*$!
{
	archiveVersion = 1;
	classes = {
	};
	objectVersion = 55;
	objects = {

/* Begin PBXBuildFile section */
		1426569A28AC71AE00BA6780 /* CodeViewController.swift in Sources */ = {isa = PBXBuildFile; fileRef = 1426569928AC71AE00BA6780 /* CodeViewController.swift */; };
		1426569D28AC81B200BA6780 /* SnapKit in Frameworks */ = {isa = PBXBuildFile; productRef = 1426569C28AC81B200BA6780 /* SnapKit */; };
		1426569F28AC822C00BA6780 /* CodeSnapViewController.swift in Sources */ = {isa = PBXBuildFile; fileRef = 1426569E28AC822C00BA6780 /* CodeSnapViewController.swift */; };
		142656A128AC8C0B00BA6780 /* CodeSnap2ViewController.swift in Sources */ = {isa = PBXBuildFile; fileRef = 142656A028AC8C0B00BA6780 /* CodeSnap2ViewController.swift */; };
		14C35EF728AD247B00D8900D /* Example1ViewController.swift in Sources */ = {isa = PBXBuildFile; fileRef = 14C35EF628AD247B00D8900D /* Example1ViewController.swift */; };
		14EDD16F28AB1FD200E1CDEA /* AppDelegate.swift in Sources */ = {isa = PBXBuildFile; fileRef = 14EDD16E28AB1FD200E1CDEA /* AppDelegate.swift */; };
		14EDD17128AB1FD200E1CDEA /* SceneDelegate.swift in Sources */ = {isa = PBXBuildFile; fileRef = 14EDD17028AB1FD200E1CDEA /* SceneDelegate.swift */; };
		14EDD17328AB1FD200E1CDEA /* ViewController.swift in Sources */ = {isa = PBXBuildFile; fileRef = 14EDD17228AB1FD200E1CDEA /* ViewController.swift */; };
		14EDD17628AB1FD200E1CDEA /* Main.storyboard in Resources */ = {isa = PBXBuildFile; fileRef = 14EDD17428AB1FD200E1CDEA /* Main.storyboard */; };
		14EDD17828AB1FD300E1CDEA /* Assets.xcassets in Resources */ = {isa = PBXBuildFile; fileRef = 14EDD17728AB1FD300E1CDEA /* Assets.xcassets */; };
		14EDD17B28AB1FD300E1CDEA /* LaunchScreen.storyboard in Resources */ = {isa = PBXBuildFile; fileRef = 14EDD17928AB1FD300E1CDEA /* LaunchScreen.storyboard */; };
		14EDD19E28AB2C6800E1CDEA /* UIFramework.framework in Frameworks */ = {isa = PBXBuildFile; fileRef = 14EDD19B28AB2C5700E1CDEA /* UIFramework.framework */; };
		14EDD19F28AB2C6800E1CDEA /* UIFramework.framework in Embed Frameworks */ = {isa = PBXBuildFile; fileRef = 14EDD19B28AB2C5700E1CDEA /* UIFramework.framework */; settings = {ATTRIBUTES = (CodeSignOnCopy, RemoveHeadersOnCopy, ); }; };
		14EDD1A228AB3A6900E1CDEA /* WalkThrough.storyboard in Resources */ = {isa = PBXBuildFile; fileRef = 14EDD1A128AB3A6900E1CDEA /* WalkThrough.storyboard */; };
		14EDD1A428AB3A9500E1CDEA /* FirstViewController.swift in Sources */ = {isa = PBXBuildFile; fileRef = 14EDD1A328AB3A9500E1CDEA /* FirstViewController.swift */; };
		14EDD1A628AB40C100E1CDEA /* SecondViewController.swift in Sources */ = {isa = PBXBuildFile; fileRef = 14EDD1A528AB40C100E1CDEA /* SecondViewController.swift */; };
		14EDD1A828AB40C900E1CDEA /* ThirdViewController.swift in Sources */ = {isa = PBXBuildFile; fileRef = 14EDD1A728AB40C900E1CDEA /* ThirdViewController.swift */; };
		14EDD1AA28AB411900E1CDEA /* WalkingThroughViewController.swift in Sources */ = {isa = PBXBuildFile; fileRef = 14EDD1A928AB411900E1CDEA /* WalkingThroughViewController.swift */; };
/* End PBXBuildFile section */

/* Begin PBXContainerItemProxy section */
		14EDD19A28AB2C5700E1CDEA /* PBXContainerItemProxy */ = {
			isa = PBXContainerItemProxy;
			containerPortal = 14EDD19528AB2C5700E1CDEA /* UIFramework.xcodeproj */;
			proxyType = 2;
			remoteGlobalIDString = 14EDD14628AB1BBF00E1CDEA;
			remoteInfo = UIFramework;
		};
		14EDD19C28AB2C5700E1CDEA /* PBXContainerItemProxy */ = {
			isa = PBXContainerItemProxy;
			containerPortal = 14EDD19528AB2C5700E1CDEA /* UIFramework.xcodeproj */;
			proxyType = 2;
			remoteGlobalIDString = 14EDD15028AB1BBF00E1CDEA;
			remoteInfo = UIFrameworkTests;
		};
/* End PBXContainerItemProxy section */

/* Begin PBXCopyFilesBuildPhase section */
		14EDD18E28AB20E700E1CDEA /* Embed Frameworks */ = {
			isa = PBXCopyFilesBuildPhase;
			buildActionMask = 2147483647;
			dstPath = "";
			dstSubfolderSpec = 10;
			files = (
				14EDD19F28AB2C6800E1CDEA /* UIFramework.framework in Embed Frameworks */,
			);
			name = "Embed Frameworks";
			runOnlyForDeploymentPostprocessing = 0;
		};
/* End PBXCopyFilesBuildPhase section */

/* Begin PBXFileReference section */
		1426569928AC71AE00BA6780 /* CodeViewController.swift */ = {isa = PBXFileReference; lastKnownFileType = sourcecode.swift; path = CodeViewController.swift; sourceTree = "<group>"; };
		1426569E28AC822C00BA6780 /* CodeSnapViewController.swift */ = {isa = PBXFileReference; lastKnownFileType = sourcecode.swift; path = CodeSnapViewController.swift; sourceTree = "<group>"; };
		142656A028AC8C0B00BA6780 /* CodeSnap2ViewController.swift */ = {isa = PBXFileReference; lastKnownFileType = sourcecode.swift; path = CodeSnap2ViewController.swift; sourceTree = "<group>"; };
		14C35EF628AD247B00D8900D /* Example1ViewController.swift */ = {isa = PBXFileReference; lastKnownFileType = sourcecode.swift; path = Example1ViewController.swift; sourceTree = "<group>"; };
		14EDD16B28AB1FD200E1CDEA /* SeSAC2Week7Diary.app */ = {isa = PBXFileReference; explicitFileType = wrapper.application; includeInIndex = 0; path = SeSAC2Week7Diary.app; sourceTree = BUILT_PRODUCTS_DIR; };
		14EDD16E28AB1FD200E1CDEA /* AppDelegate.swift */ = {isa = PBXFileReference; lastKnownFileType = sourcecode.swift; path = AppDelegate.swift; sourceTree = "<group>"; };
		14EDD17028AB1FD200E1CDEA /* SceneDelegate.swift */ = {isa = PBXFileReference; lastKnownFileType = sourcecode.swift; path = SceneDelegate.swift; sourceTree = "<group>"; };
		14EDD17228AB1FD200E1CDEA /* ViewController.swift */ = {isa = PBXFileReference; lastKnownFileType = sourcecode.swift; path = ViewController.swift; sourceTree = "<group>"; };
		14EDD17528AB1FD200E1CDEA /* Base */ = {isa = PBXFileReference; lastKnownFileType = file.storyboard; name = Base; path = Base.lproj/Main.storyboard; sourceTree = "<group>"; };
		14EDD17728AB1FD300E1CDEA /* Assets.xcassets */ = {isa = PBXFileReference; lastKnownFileType = folder.assetcatalog; path = Assets.xcassets; sourceTree = "<group>"; };
		14EDD17A28AB1FD300E1CDEA /* Base */ = {isa = PBXFileReference; lastKnownFileType = file.storyboard; name = Base; path = Base.lproj/LaunchScreen.storyboard; sourceTree = "<group>"; };
		14EDD17C28AB1FD300E1CDEA /* Info.plist */ = {isa = PBXFileReference; lastKnownFileType = text.plist.xml; path = Info.plist; sourceTree = "<group>"; };
		14EDD19528AB2C5700E1CDEA /* UIFramework.xcodeproj */ = {isa = PBXFileReference; lastKnownFileType = "wrapper.pb-project"; name = UIFramework.xcodeproj; path = ../UIFramework/UIFramework.xcodeproj; sourceTree = "<group>"; };
		14EDD1A128AB3A6900E1CDEA /* WalkThrough.storyboard */ = {isa = PBXFileReference; lastKnownFileType = file.storyboard; path = WalkThrough.storyboard; sourceTree = "<group>"; };
		14EDD1A328AB3A9500E1CDEA /* FirstViewController.swift */ = {isa = PBXFileReference; lastKnownFileType = sourcecode.swift; path = FirstViewController.swift; sourceTree = "<group>"; };
		14EDD1A528AB40C100E1CDEA /* SecondViewController.swift */ = {isa = PBXFileReference; lastKnownFileType = sourcecode.swift; path = SecondViewController.swift; sourceTree = "<group>"; };
		14EDD1A728AB40C900E1CDEA /* ThirdViewController.swift */ = {isa = PBXFileReference; lastKnownFileType = sourcecode.swift; path = ThirdViewController.swift; sourceTree = "<group>"; };
		14EDD1A928AB411900E1CDEA /* WalkingThroughViewController.swift */ = {isa = PBXFileReference; lastKnownFileType = sourcecode.swift; path = WalkingThroughViewController.swift; sourceTree = "<group>"; };
/* End PBXFileReference section */

/* Begin PBXFrameworksBuildPhase section */
		14EDD16828AB1FD200E1CDEA /* Frameworks */ = {
			isa = PBXFrameworksBuildPhase;
			buildActionMask = 2147483647;
			files = (
				14EDD19E28AB2C6800E1CDEA /* UIFramework.framework in Frameworks */,
				1426569D28AC81B200BA6780 /* SnapKit in Frameworks */,
			);
			runOnlyForDeploymentPostprocessing = 0;
		};
/* End PBXFrameworksBuildPhase section */

/* Begin PBXGroup section */
		1426569628AC718F00BA6780 /* CodeBase */ = {
			isa = PBXGroup;
			children = (
				1426569928AC71AE00BA6780 /* CodeViewController.swift */,
				1426569E28AC822C00BA6780 /* CodeSnapViewController.swift */,
				142656A028AC8C0B00BA6780 /* CodeSnap2ViewController.swift */,
			);
			path = CodeBase;
			sourceTree = "<group>";
		};
		14C35EF328AD243E00D8900D /* Assignment */ = {
			isa = PBXGroup;
			children = (
				14C35EF628AD247B00D8900D /* Example1ViewController.swift */,
			);
			path = Assignment;
			sourceTree = "<group>";
		};
		14EDD16228AB1FD200E1CDEA = {
			isa = PBXGroup;
			children = (
				14EDD19528AB2C5700E1CDEA /* UIFramework.xcodeproj */,
				14EDD16D28AB1FD200E1CDEA /* SeSAC2Week7Diary */,
				14EDD16C28AB1FD200E1CDEA /* Products */,
				14EDD18B28AB20E700E1CDEA /* Frameworks */,
			);
			sourceTree = "<group>";
		};
		14EDD16C28AB1FD200E1CDEA /* Products */ = {
			isa = PBXGroup;
			children = (
				14EDD16B28AB1FD200E1CDEA /* SeSAC2Week7Diary.app */,
			);
			name = Products;
			sourceTree = "<group>";
		};
		14EDD16D28AB1FD200E1CDEA /* SeSAC2Week7Diary */ = {
			isa = PBXGroup;
			children = (
				14C35EF328AD243E00D8900D /* Assignment */,
				1426569628AC718F00BA6780 /* CodeBase */,
				14EDD1A028AB3A4200E1CDEA /* WalkThrough */,
				14EDD16E28AB1FD200E1CDEA /* AppDelegate.swift */,
				14EDD17028AB1FD200E1CDEA /* SceneDelegate.swift */,
				14EDD17228AB1FD200E1CDEA /* ViewController.swift */,
				14EDD17428AB1FD200E1CDEA /* Main.storyboard */,
				14EDD17728AB1FD300E1CDEA /* Assets.xcassets */,
				14EDD17928AB1FD300E1CDEA /* LaunchScreen.storyboard */,
				14EDD17C28AB1FD300E1CDEA /* Info.plist */,
			);
			path = SeSAC2Week7Diary;
			sourceTree = "<group>";
		};
		14EDD18B28AB20E700E1CDEA /* Frameworks */ = {
			isa = PBXGroup;
			children = (
			);
			name = Frameworks;
			sourceTree = "<group>";
		};
		14EDD19628AB2C5700E1CDEA /* Products */ = {
			isa = PBXGroup;
			children = (
				14EDD19B28AB2C5700E1CDEA /* UIFramework.framework */,
				14EDD19D28AB2C5700E1CDEA /* UIFrameworkTests.xctest */,
			);
			name = Products;
			sourceTree = "<group>";
		};
		14EDD1A028AB3A4200E1CDEA /* WalkThrough */ = {
			isa = PBXGroup;
			children = (
				14EDD1A128AB3A6900E1CDEA /* WalkThrough.storyboard */,
				14EDD1A928AB411900E1CDEA /* WalkingThroughViewController.swift */,
				14EDD1A528AB40C100E1CDEA /* SecondViewController.swift */,
				14EDD1A728AB40C900E1CDEA /* ThirdViewController.swift */,
				14EDD1A328AB3A9500E1CDEA /* FirstViewController.swift */,
			);
			path = WalkThrough;
			sourceTree = "<group>";
		};
/* End PBXGroup section */

/* Begin PBXNativeTarget section */
		14EDD16A28AB1FD200E1CDEA /* SeSAC2Week7Diary */ = {
			isa = PBXNativeTarget;
			buildConfigurationList = 14EDD17F28AB1FD300E1CDEA /* Build configuration list for PBXNativeTarget "SeSAC2Week7Diary" */;
			buildPhases = (
				14EDD16728AB1FD200E1CDEA /* Sources */,
				14EDD16828AB1FD200E1CDEA /* Frameworks */,
				14EDD16928AB1FD200E1CDEA /* Resources */,
				14EDD18E28AB20E700E1CDEA /* Embed Frameworks */,
			);
			buildRules = (
			);
			dependencies = (
			);
			name = SeSAC2Week7Diary;
			packageProductDependencies = (
				1426569C28AC81B200BA6780 /* SnapKit */,
			);
			productName = SeSAC2Week7Diary;
			productReference = 14EDD16B28AB1FD200E1CDEA /* SeSAC2Week7Diary.app */;
			productType = "com.apple.product-type.application";
		};
/* End PBXNativeTarget section */

/* Begin PBXProject section */
		14EDD16328AB1FD200E1CDEA /* Project object */ = {
			isa = PBXProject;
			attributes = {
				BuildIndependentTargetsInParallel = 1;
				LastSwiftUpdateCheck = 1340;
				LastUpgradeCheck = 1340;
				TargetAttributes = {
					14EDD16A28AB1FD200E1CDEA = {
						CreatedOnToolsVersion = 13.4.1;
					};
				};
			};
			buildConfigurationList = 14EDD16628AB1FD200E1CDEA /* Build configuration list for PBXProject "SeSAC2Week7Diary" */;
			compatibilityVersion = "Xcode 13.0";
			developmentRegion = en;
			hasScannedForEncodings = 0;
			knownRegions = (
				en,
				Base,
			);
			mainGroup = 14EDD16228AB1FD200E1CDEA;
			packageReferences = (
				1426569B28AC81B200BA6780 /* XCRemoteSwiftPackageReference "SnapKit" */,
			);
			productRefGroup = 14EDD16C28AB1FD200E1CDEA /* Products */;
			projectDirPath = "";
			projectReferences = (
				{
					ProductGroup = 14EDD19628AB2C5700E1CDEA /* Products */;
					ProjectRef = 14EDD19528AB2C5700E1CDEA /* UIFramework.xcodeproj */;
				},
			);
			projectRoot = "";
			targets = (
				14EDD16A28AB1FD200E1CDEA /* SeSAC2Week7Diary */,
			);
		};
/* End PBXProject section */

/* Begin PBXReferenceProxy section */
		14EDD19B28AB2C5700E1CDEA /* UIFramework.framework */ = {
			isa = PBXReferenceProxy;
			fileType = wrapper.framework;
			path = UIFramework.framework;
			remoteRef = 14EDD19A28AB2C5700E1CDEA /* PBXContainerItemProxy */;
			sourceTree = BUILT_PRODUCTS_DIR;
		};
		14EDD19D28AB2C5700E1CDEA /* UIFrameworkTests.xctest */ = {
			isa = PBXReferenceProxy;
			fileType = wrapper.cfbundle;
			path = UIFrameworkTests.xctest;
			remoteRef = 14EDD19C28AB2C5700E1CDEA /* PBXContainerItemProxy */;
			sourceTree = BUILT_PRODUCTS_DIR;
		};
/* End PBXReferenceProxy section */

/* Begin PBXResourcesBuildPhase section */
		14EDD16928AB1FD200E1CDEA /* Resources */ = {
			isa = PBXResourcesBuildPhase;
			buildActionMask = 2147483647;
			files = (
				14EDD17B28AB1FD300E1CDEA /* LaunchScreen.storyboard in Resources */,
				14EDD1A228AB3A6900E1CDEA /* WalkThrough.storyboard in Resources */,
				14EDD17828AB1FD300E1CDEA /* Assets.xcassets in Resources */,
				14EDD17628AB1FD200E1CDEA /* Main.storyboard in Resources */,
			);
			runOnlyForDeploymentPostprocessing = 0;
		};
/* End PBXResourcesBuildPhase section */

/* Begin PBXSourcesBuildPhase section */
		14EDD16728AB1FD200E1CDEA /* Sources */ = {
			isa = PBXSourcesBuildPhase;
			buildActionMask = 2147483647;
			files = (
				14C35EF728AD247B00D8900D /* Example1ViewController.swift in Sources */,
				14EDD17328AB1FD200E1CDEA /* ViewController.swift in Sources */,
				14EDD16F28AB1FD200E1CDEA /* AppDelegate.swift in Sources */,
				142656A128AC8C0B00BA6780 /* CodeSnap2ViewController.swift in Sources */,
				14EDD17128AB1FD200E1CDEA /* SceneDelegate.swift in Sources */,
				14EDD1A628AB40C100E1CDEA /* SecondViewController.swift in Sources */,
				1426569F28AC822C00BA6780 /* CodeSnapViewController.swift in Sources */,
				14EDD1AA28AB411900E1CDEA /* WalkingThroughViewController.swift in Sources */,
				1426569A28AC71AE00BA6780 /* CodeViewController.swift in Sources */,
				14EDD1A828AB40C900E1CDEA /* ThirdViewController.swift in Sources */,
				14EDD1A428AB3A9500E1CDEA /* FirstViewController.swift in Sources */,
			);
			runOnlyForDeploymentPostprocessing = 0;
		};
/* End PBXSourcesBuildPhase section */

/* Begin PBXVariantGroup section */
		14EDD17428AB1FD200E1CDEA /* Main.storyboard */ = {
			isa = PBXVariantGroup;
			children = (
				14EDD17528AB1FD200E1CDEA /* Base */,
			);
			name = Main.storyboard;
			sourceTree = "<group>";
		};
		14EDD17928AB1FD300E1CDEA /* LaunchScreen.storyboard */ = {
			isa = PBXVariantGroup;
			children = (
				14EDD17A28AB1FD300E1CDEA /* Base */,
			);
			name = LaunchScreen.storyboard;
			sourceTree = "<group>";
		};
/* End PBXVariantGroup section */

/* Begin XCBuildConfiguration section */
		14EDD17D28AB1FD300E1CDEA /* Debug */ = {
			isa = XCBuildConfiguration;
			buildSettings = {
				ALWAYS_SEARCH_USER_PATHS = NO;
				CLANG_ANALYZER_NONNULL = YES;
				CLANG_ANALYZER_NUMBER_OBJECT_CONVERSION = YES_AGGRESSIVE;
				CLANG_CXX_LANGUAGE_STANDARD = "gnu++17";
				CLANG_ENABLE_MODULES = YES;
				CLANG_ENABLE_OBJC_ARC = YES;
				CLANG_ENABLE_OBJC_WEAK = YES;
				CLANG_WARN_BLOCK_CAPTURE_AUTORELEASING = YES;
				CLANG_WARN_BOOL_CONVERSION = YES;
				CLANG_WARN_COMMA = YES;
				CLANG_WARN_CONSTANT_CONVERSION = YES;
				CLANG_WARN_DEPRECATED_OBJC_IMPLEMENTATIONS = YES;
				CLANG_WARN_DIRECT_OBJC_ISA_USAGE = YES_ERROR;
				CLANG_WARN_DOCUMENTATION_COMMENTS = YES;
				CLANG_WARN_EMPTY_BODY = YES;
				CLANG_WARN_ENUM_CONVERSION = YES;
				CLANG_WARN_INFINITE_RECURSION = YES;
				CLANG_WARN_INT_CONVERSION = YES;
				CLANG_WARN_NON_LITERAL_NULL_CONVERSION = YES;
				CLANG_WARN_OBJC_IMPLICIT_RETAIN_SELF = YES;
				CLANG_WARN_OBJC_LITERAL_CONVERSION = YES;
				CLANG_WARN_OBJC_ROOT_CLASS = YES_ERROR;
				CLANG_WARN_QUOTED_INCLUDE_IN_FRAMEWORK_HEADER = YES;
				CLANG_WARN_RANGE_LOOP_ANALYSIS = YES;
				CLANG_WARN_STRICT_PROTOTYPES = YES;
				CLANG_WARN_SUSPICIOUS_MOVE = YES;
				CLANG_WARN_UNGUARDED_AVAILABILITY = YES_AGGRESSIVE;
				CLANG_WARN_UNREACHABLE_CODE = YES;
				CLANG_WARN__DUPLICATE_METHOD_MATCH = YES;
				COPY_PHASE_STRIP = NO;
				DEBUG_INFORMATION_FORMAT = dwarf;
				ENABLE_STRICT_OBJC_MSGSEND = YES;
				ENABLE_TESTABILITY = YES;
				GCC_C_LANGUAGE_STANDARD = gnu11;
				GCC_DYNAMIC_NO_PIC = NO;
				GCC_NO_COMMON_BLOCKS = YES;
				GCC_OPTIMIZATION_LEVEL = 0;
				GCC_PREPROCESSOR_DEFINITIONS = (
					"DEBUG=1",
					"$(inherited)",
				);
				GCC_WARN_64_TO_32_BIT_CONVERSION = YES;
				GCC_WARN_ABOUT_RETURN_TYPE = YES_ERROR;
				GCC_WARN_UNDECLARED_SELECTOR = YES;
				GCC_WARN_UNINITIALIZED_AUTOS = YES_AGGRESSIVE;
				GCC_WARN_UNUSED_FUNCTION = YES;
				GCC_WARN_UNUSED_VARIABLE = YES;
				IPHONEOS_DEPLOYMENT_TARGET = 15.5;
				MTL_ENABLE_DEBUG_INFO = INCLUDE_SOURCE;
				MTL_FAST_MATH = YES;
				ONLY_ACTIVE_ARCH = YES;
				SDKROOT = iphoneos;
				SWIFT_ACTIVE_COMPILATION_CONDITIONS = DEBUG;
				SWIFT_OPTIMIZATION_LEVEL = "-Onone";
			};
			name = Debug;
		};
		14EDD17E28AB1FD300E1CDEA /* Release */ = {
			isa = XCBuildConfiguration;
			buildSettings = {
				ALWAYS_SEARCH_USER_PATHS = NO;
				CLANG_ANALYZER_NONNULL = YES;
				CLANG_ANALYZER_NUMBER_OBJECT_CONVERSION = YES_AGGRESSIVE;
				CLANG_CXX_LANGUAGE_STANDARD = "gnu++17";
				CLANG_ENABLE_MODULES = YES;
				CLANG_ENABLE_OBJC_ARC = YES;
				CLANG_ENABLE_OBJC_WEAK = YES;
				CLANG_WARN_BLOCK_CAPTURE_AUTORELEASING = YES;
				CLANG_WARN_BOOL_CONVERSION = YES;
				CLANG_WARN_COMMA = YES;
				CLANG_WARN_CONSTANT_CONVERSION = YES;
				CLANG_WARN_DEPRECATED_OBJC_IMPLEMENTATIONS = YES;
				CLANG_WARN_DIRECT_OBJC_ISA_USAGE = YES_ERROR;
				CLANG_WARN_DOCUMENTATION_COMMENTS = YES;
				CLANG_WARN_EMPTY_BODY = YES;
				CLANG_WARN_ENUM_CONVERSION = YES;
				CLANG_WARN_INFINITE_RECURSION = YES;
				CLANG_WARN_INT_CONVERSION = YES;
				CLANG_WARN_NON_LITERAL_NULL_CONVERSION = YES;
				CLANG_WARN_OBJC_IMPLICIT_RETAIN_SELF = YES;
				CLANG_WARN_OBJC_LITERAL_CONVERSION = YES;
				CLANG_WARN_OBJC_ROOT_CLASS = YES_ERROR;
				CLANG_WARN_QUOTED_INCLUDE_IN_FRAMEWORK_HEADER = YES;
				CLANG_WARN_RANGE_LOOP_ANALYSIS = YES;
				CLANG_WARN_STRICT_PROTOTYPES = YES;
				CLANG_WARN_SUSPICIOUS_MOVE = YES;
				CLANG_WARN_UNGUARDED_AVAILABILITY = YES_AGGRESSIVE;
				CLANG_WARN_UNREACHABLE_CODE = YES;
				CLANG_WARN__DUPLICATE_METHOD_MATCH = YES;
				COPY_PHASE_STRIP = NO;
				DEBUG_INFORMATION_FORMAT = "dwarf-with-dsym";
				ENABLE_NS_ASSERTIONS = NO;
				ENABLE_STRICT_OBJC_MSGSEND = YES;
				GCC_C_LANGUAGE_STANDARD = gnu11;
				GCC_NO_COMMON_BLOCKS = YES;
				GCC_WARN_64_TO_32_BIT_CONVERSION = YES;
				GCC_WARN_ABOUT_RETURN_TYPE = YES_ERROR;
				GCC_WARN_UNDECLARED_SELECTOR = YES;
				GCC_WARN_UNINITIALIZED_AUTOS = YES_AGGRESSIVE;
				GCC_WARN_UNUSED_FUNCTION = YES;
				GCC_WARN_UNUSED_VARIABLE = YES;
				IPHONEOS_DEPLOYMENT_TARGET = 15.5;
				MTL_ENABLE_DEBUG_INFO = NO;
				MTL_FAST_MATH = YES;
				SDKROOT = iphoneos;
				SWIFT_COMPILATION_MODE = wholemodule;
				SWIFT_OPTIMIZATION_LEVEL = "-O";
				VALIDATE_PRODUCT = YES;
			};
			name = Release;
		};
		14EDD18028AB1FD300E1CDEA /* Debug */ = {
			isa = XCBuildConfiguration;
			buildSettings = {
				ASSETCATALOG_COMPILER_APPICON_NAME = AppIcon;
				ASSETCATALOG_COMPILER_GLOBAL_ACCENT_COLOR_NAME = AccentColor;
				CODE_SIGN_STYLE = Automatic;
				CURRENT_PROJECT_VERSION = 1;
				GENERATE_INFOPLIST_FILE = YES;
				INFOPLIST_FILE = SeSAC2Week7Diary/Info.plist;
				INFOPLIST_KEY_UIApplicationSupportsIndirectInputEvents = YES;
				INFOPLIST_KEY_UILaunchStoryboardName = LaunchScreen;
				INFOPLIST_KEY_UIMainStoryboardFile = Main;
				INFOPLIST_KEY_UISupportedInterfaceOrientations_iPad = "UIInterfaceOrientationPortrait UIInterfaceOrientationPortraitUpsideDown UIInterfaceOrientationLandscapeLeft UIInterfaceOrientationLandscapeRight";
				INFOPLIST_KEY_UISupportedInterfaceOrientations_iPhone = "UIInterfaceOrientationPortrait UIInterfaceOrientationLandscapeLeft UIInterfaceOrientationLandscapeRight";
				LD_RUNPATH_SEARCH_PATHS = (
					"$(inherited)",
					"@executable_path/Frameworks",
				);
				MARKETING_VERSION = 1.0;
				PRODUCT_BUNDLE_IDENTIFIER = idhun90.SeSAC2Week7Diary;
				PRODUCT_NAME = "$(TARGET_NAME)";
				SWIFT_EMIT_LOC_STRINGS = YES;
				SWIFT_VERSION = 5.0;
				TARGETED_DEVICE_FAMILY = "1,2";
			};
			name = Debug;
		};
		14EDD18128AB1FD300E1CDEA /* Release */ = {
			isa = XCBuildConfiguration;
			buildSettings = {
				ASSETCATALOG_COMPILER_APPICON_NAME = AppIcon;
				ASSETCATALOG_COMPILER_GLOBAL_ACCENT_COLOR_NAME = AccentColor;
				CODE_SIGN_STYLE = Automatic;
				CURRENT_PROJECT_VERSION = 1;
				GENERATE_INFOPLIST_FILE = YES;
				INFOPLIST_FILE = SeSAC2Week7Diary/Info.plist;
				INFOPLIST_KEY_UIApplicationSupportsIndirectInputEvents = YES;
				INFOPLIST_KEY_UILaunchStoryboardName = LaunchScreen;
				INFOPLIST_KEY_UIMainStoryboardFile = Main;
				INFOPLIST_KEY_UISupportedInterfaceOrientations_iPad = "UIInterfaceOrientationPortrait UIInterfaceOrientationPortraitUpsideDown UIInterfaceOrientationLandscapeLeft UIInterfaceOrientationLandscapeRight";
				INFOPLIST_KEY_UISupportedInterfaceOrientations_iPhone = "UIInterfaceOrientationPortrait UIInterfaceOrientationLandscapeLeft UIInterfaceOrientationLandscapeRight";
				LD_RUNPATH_SEARCH_PATHS = (
					"$(inherited)",
					"@executable_path/Frameworks",
				);
				MARKETING_VERSION = 1.0;
				PRODUCT_BUNDLE_IDENTIFIER = idhun90.SeSAC2Week7Diary;
				PRODUCT_NAME = "$(TARGET_NAME)";
				SWIFT_EMIT_LOC_STRINGS = YES;
				SWIFT_VERSION = 5.0;
				TARGETED_DEVICE_FAMILY = "1,2";
			};
			name = Release;
		};
/* End XCBuildConfiguration section */

/* Begin XCConfigurationList section */
		14EDD16628AB1FD200E1CDEA /* Build configuration list for PBXProject "SeSAC2Week7Diary" */ = {
			isa = XCConfigurationList;
			buildConfigurations = (
				14EDD17D28AB1FD300E1CDEA /* Debug */,
				14EDD17E28AB1FD300E1CDEA /* Release */,
			);
			defaultConfigurationIsVisible = 0;
			defaultConfigurationName = Release;
		};
		14EDD17F28AB1FD300E1CDEA /* Build configuration list for PBXNativeTarget "SeSAC2Week7Diary" */ = {
			isa = XCConfigurationList;
			buildConfigurations = (
				14EDD18028AB1FD300E1CDEA /* Debug */,
				14EDD18128AB1FD300E1CDEA /* Release */,
			);
			defaultConfigurationIsVisible = 0;
			defaultConfigurationName = Release;
		};
/* End XCConfigurationList section */

/* Begin XCRemoteSwiftPackageReference section */
		1426569B28AC81B200BA6780 /* XCRemoteSwiftPackageReference "SnapKit" */ = {
			isa = XCRemoteSwiftPackageReference;
			repositoryURL = "https://github.com/SnapKit/SnapKit.git";
			requirement = {
				kind = upToNextMajorVersion;
				minimumVersion = 5.0.0;
			};
		};
/* End XCRemoteSwiftPackageReference section */

/* Begin XCSwiftPackageProductDependency section */
		1426569C28AC81B200BA6780 /* SnapKit */ = {
			isa = XCSwiftPackageProductDependency;
			package = 1426569B28AC81B200BA6780 /* XCRemoteSwiftPackageReference "SnapKit" */;
			productName = SnapKit;
		};
/* End XCSwiftPackageProductDependency section */
	};
	rootObject = 14EDD16328AB1FD200E1CDEA /* Project object */;
}
